
Microsoft Visual Studio Solution File, Format Version 12.00
# Visual Studio Version 17
VisualStudioVersion = 17.4.33213.308
MinimumVisualStudioVersion = 10.0.40219.1
Project("{FAE04EC0-301F-11D3-BF4B-00C04F79EFBC}") = "Modelos", "Modelos\Modelos.csproj", "{DAFFEF4C-8001-46EB-8AB6-8DFDD5947079}"
EndProject
Project("{FAE04EC0-301F-11D3-BF4B-00C04F79EFBC}") = "Datos", "Datos\Datos.csproj", "{0F29FA10-2026-443C-9221-E1ED41194D7B}"
EndProject
Project("{FAE04EC0-301F-11D3-BF4B-00C04F79EFBC}") = "Blazor", "Blazor\Blazor.csproj", "{C21CECE6-079D-44C0-8253-7E665541B7EE}"
EndProject
Global
	GlobalSection(SolutionConfigurationPlatforms) = preSolution
		Debug|Any CPU = Debug|Any CPU
		Release|Any CPU = Release|Any CPU
	EndGlobalSection
	GlobalSection(ProjectConfigurationPlatforms) = postSolution
		{DAFFEF4C-8001-46EB-8AB6-8DFDD5947079}.Debug|Any CPU.ActiveCfg = Debug|Any CPU
		{DAFFEF4C-8001-46EB-8AB6-8DFDD5947079}.Debug|Any CPU.Build.0 = Debug|Any CPU
		{DAFFEF4C-8001-46EB-8AB6-8DFDD5947079}.Release|Any CPU.ActiveCfg = Release|Any CPU
		{DAFFEF4C-8001-46EB-8AB6-8DFDD5947079}.Release|Any CPU.Build.0 = Release|Any CPU
		{0F29FA10-2026-443C-9221-E1ED41194D7B}.Debug|Any CPU.ActiveCfg = Debug|Any CPU
		{0F29FA10-2026-443C-9221-E1ED41194D7B}.Debug|Any CPU.Build.0 = Debug|Any CPU
		{0F29FA10-2026-443C-9221-E1ED41194D7B}.Release|Any CPU.ActiveCfg = Release|Any CPU
		{0F29FA10-2026-443C-9221-E1ED41194D7B}.Release|Any CPU.Build.0 = Release|Any CPU
		{C21CECE6-079D-44C0-8253-7E665541B7EE}.Debug|Any CPU.ActiveCfg = Debug|Any CPU
		{C21CECE6-079D-44C0-8253-7E665541B7EE}.Debug|Any CPU.Build.0 = Debug|Any CPU
		{C21CECE6-079D-44C0-8253-7E665541B7EE}.Release|Any CPU.ActiveCfg = Release|Any CPU
		{C21CECE6-079D-44C0-8253-7E665541B7EE}.Release|Any CPU.Build.0 = Release|Any CPU
	EndGlobalSection
	GlobalSection(SolutionProperties) = preSolution
		HideSolutionNode = FALSE
	EndGlobalSection
	GlobalSection(ExtensibilityGlobals) = postSolution
		SolutionGuid = {2A9D62B0-4D33-4F75-8902-ECC63CF208AA}
	EndGlobalSection
EndGlobal
